
Microsoft Visual Studio Solution File, Format Version 12.00
# Visual Studio Version 17
VisualStudioVersion = 17.11.35303.130
MinimumVisualStudioVersion = 10.0.40219.1
Project("{FAE04EC0-301F-11D3-BF4B-00C04F79EFBC}") = "Branching Assignment Submission", "Branching Assignment Submission\Branching Assignment Submission.csproj", "{0A6037B2-C2EB-4904-B645-C2DEF96B33AB}"
EndProject
Global
	GlobalSection(SolutionConfigurationPlatforms) = preSolution
		Debug|Any CPU = Debug|Any CPU
		Release|Any CPU = Release|Any CPU
	EndGlobalSection
	GlobalSection(ProjectConfigurationPlatforms) = postSolution
		{0A6037B2-C2EB-4904-B645-C2DEF96B33AB}.Debug|Any CPU.ActiveCfg = Debug|Any CPU
		{0A6037B2-C2EB-4904-B645-C2DEF96B33AB}.Debug|Any CPU.Build.0 = Debug|Any CPU
		{0A6037B2-C2EB-4904-B645-C2DEF96B33AB}.Release|Any CPU.ActiveCfg = Release|Any CPU
		{0A6037B2-C2EB-4904-B645-C2DEF96B33AB}.Release|Any CPU.Build.0 = Release|Any CPU
	EndGlobalSection
	GlobalSection(SolutionProperties) = preSolution
		HideSolutionNode = FALSE
	EndGlobalSection
	GlobalSection(ExtensibilityGlobals) = postSolution
		SolutionGuid = {79566C31-E1C8-4E1F-A1E1-01372D017ACE}
	EndGlobalSection
EndGlobal
